// !$*UTF8*$!
{
	archiveVersion = 1;
	classes = {
	};
	objectVersion = 46;
	objects = {

/* Begin PBXBuildFile section */
		05DFE8311E56506C00BC6DE1 /* AppDelegate.swift in Sources */ = {isa = PBXBuildFile; fileRef = 05DFE8301E56506C00BC6DE1 /* AppDelegate.swift */; };
		05DFE8331E56506C00BC6DE1 /* CalculationsVC.swift in Sources */ = {isa = PBXBuildFile; fileRef = 05DFE8321E56506C00BC6DE1 /* CalculationsVC.swift */; };
		05DFE8361E56506C00BC6DE1 /* Main.storyboard in Resources */ = {isa = PBXBuildFile; fileRef = 05DFE8341E56506C00BC6DE1 /* Main.storyboard */; };
		05DFE8381E56506C00BC6DE1 /* Assets.xcassets in Resources */ = {isa = PBXBuildFile; fileRef = 05DFE8371E56506C00BC6DE1 /* Assets.xcassets */; };
		05DFE83B1E56506C00BC6DE1 /* LaunchScreen.storyboard in Resources */ = {isa = PBXBuildFile; fileRef = 05DFE8391E56506C00BC6DE1 /* LaunchScreen.storyboard */; };
/* End PBXBuildFile section */

/* Begin PBXFileReference section */
		05DFE82D1E56506C00BC6DE1 /* LoanCalculator.app */ = {isa = PBXFileReference; explicitFileType = wrapper.application; includeInIndex = 0; path = LoanCalculator.app; sourceTree = BUILT_PRODUCTS_DIR; };
		05DFE8301E56506C00BC6DE1 /* AppDelegate.swift */ = {isa = PBXFileReference; lastKnownFileType = sourcecode.swift; path = AppDelegate.swift; sourceTree = "<group>"; };
		05DFE8321E56506C00BC6DE1 /* CalculationsVC.swift */ = {isa = PBXFileReference; lastKnownFileType = sourcecode.swift; path = CalculationsVC.swift; sourceTree = "<group>"; };
		05DFE8351E56506C00BC6DE1 /* Base */ = {isa = PBXFileReference; lastKnownFileType = file.storyboard; name = Base; path = Base.lproj/Main.storyboard; sourceTree = "<group>"; };
		05DFE8371E56506C00BC6DE1 /* Assets.xcassets */ = {isa = PBXFileReference; lastKnownFileType = folder.assetcatalog; path = Assets.xcassets; sourceTree = "<group>"; };
		05DFE83A1E56506C00BC6DE1 /* Base */ = {isa = PBXFileReference; lastKnownFileType = file.storyboard; name = Base; path = Base.lproj/LaunchScreen.storyboard; sourceTree = "<group>"; };
		05DFE83C1E56506C00BC6DE1 /* Info.plist */ = {isa = PBXFileReference; lastKnownFileType = text.plist.xml; path = Info.plist; sourceTree = "<group>"; };
/* End PBXFileReference section */

/* Begin PBXFrameworksBuildPhase section */
		05DFE82A1E56506C00BC6DE1 /* Frameworks */ = {
			isa = PBXFrameworksBuildPhase;
			buildActionMask = 2147483647;
			files = (
			);
			runOnlyForDeploymentPostprocessing = 0;
		};
/* End PBXFrameworksBuildPhase section */

/* Begin PBXGroup section */
		05DFE8241E56506C00BC6DE1 = {
			isa = PBXGroup;
			children = (
				05DFE82F1E56506C00BC6DE1 /* LoanCalculator */,
				05DFE82E1E56506C00BC6DE1 /* Products */,
			);
			sourceTree = "<group>";
		};
		05DFE82E1E56506C00BC6DE1 /* Products */ = {
			isa = PBXGroup;
			children = (
				05DFE82D1E56506C00BC6DE1 /* LoanCalculator.app */,
			);
			name = Products;
			sourceTree = "<group>";
		};
		05DFE82F1E56506C00BC6DE1 /* LoanCalculator */ = {
			isa = PBXGroup;
			children = (
				05DFE8301E56506C00BC6DE1 /* AppDelegate.swift */,
				05DFE8321E56506C00BC6DE1 /* CalculationsVC.swift */,
				05DFE8341E56506C00BC6DE1 /* Main.storyboard */,
				05DFE8371E56506C00BC6DE1 /* Assets.xcassets */,
				05DFE8391E56506C00BC6DE1 /* LaunchScreen.storyboard */,
				05DFE83C1E56506C00BC6DE1 /* Info.plist */,
			);
			path = LoanCalculator;
			sourceTree = "<group>";
		};
/* End PBXGroup section */

/* Begin PBXNativeTarget section */
		05DFE82C1E56506C00BC6DE1 /* LoanCalculator */ = {
			isa = PBXNativeTarget;
			buildConfigurationList = 05DFE83F1E56506C00BC6DE1 /* Build configuration list for PBXNativeTarget "LoanCalculator" */;
			buildPhases = (
				05DFE8291E56506C00BC6DE1 /* Sources */,
				05DFE82A1E56506C00BC6DE1 /* Frameworks */,
				05DFE82B1E56506C00BC6DE1 /* Resources */,
			);
			buildRules = (
			);
			dependencies = (
			);
			name = LoanCalculator;
			productName = LoanCalculator;
			productReference = 05DFE82D1E56506C00BC6DE1 /* LoanCalculator.app */;
			productType = "com.apple.product-type.application";
		};
/* End PBXNativeTarget section */

/* Begin PBXProject section */
		05DFE8251E56506C00BC6DE1 /* Project object */ = {
			isa = PBXProject;
			attributes = {
				LastSwiftUpdateCheck = 0820;
				LastUpgradeCheck = 0820;
				ORGANIZATIONNAME = "Alexander Silkin";
				TargetAttributes = {
					05DFE82C1E56506C00BC6DE1 = {
						CreatedOnToolsVersion = 8.2.1;
						DevelopmentTeam = 2ZK2WQ478V;
						ProvisioningStyle = Automatic;
					};
				};
			};
			buildConfigurationList = 05DFE8281E56506C00BC6DE1 /* Build configuration list for PBXProject "LoanCalculator" */;
			compatibilityVersion = "Xcode 3.2";
			developmentRegion = English;
			hasScannedForEncodings = 0;
			knownRegions = (
				en,
				Base,
			);
			mainGroup = 05DFE8241E56506C00BC6DE1;
			productRefGroup = 05DFE82E1E56506C00BC6DE1 /* Products */;
			projectDirPath = "";
			projectRoot = "";
			targets = (
				05DFE82C1E56506C00BC6DE1 /* LoanCalculator */,
			);
		};
/* End PBXProject section */

/* Begin PBXResourcesBuildPhase section */
		05DFE82B1E56506C00BC6DE1 /* Resources */ = {
			isa = PBXResourcesBuildPhase;
			buildActionMask = 2147483647;
			files = (
				05DFE83B1E56506C00BC6DE1 /* LaunchScreen.storyboard in Resources */,
				05DFE8381E56506C00BC6DE1 /* Assets.xcassets in Resources */,
				05DFE8361E56506C00BC6DE1 /* Main.storyboard in Resources */,
			);
			runOnlyForDeploymentPostprocessing = 0;
		};
/* End PBXResourcesBuildPhase section */

/* Begin PBXSourcesBuildPhase section */
		05DFE8291E56506C00BC6DE1 /* Sources */ = {
			isa = PBXSourcesBuildPhase;
			buildActionMask = 2147483647;
			files = (
				05DFE8331E56506C00BC6DE1 /* CalculationsVC.swift in Sources */,
				05DFE8311E56506C00BC6DE1 /* AppDelegate.swift in Sources */,
			);
			runOnlyForDeploymentPostprocessing = 0;
		};
/* End PBXSourcesBuildPhase section */

/* Begin PBXVariantGroup section */
		05DFE8341E56506C00BC6DE1 /* Main.storyboard */ = {
			isa = PBXVariantGroup;
			children = (
				05DFE8351E56506C00BC6DE1 /* Base */,
			);
			name = Main.storyboard;
			sourceTree = "<group>";
		};
		05DFE8391E56506C00BC6DE1 /* LaunchScreen.storyboard */ = {
			isa = PBXVariantGroup;
			children = (
				05DFE83A1E56506C00BC6DE1 /* Base */,
			);
			name = LaunchScreen.storyboard;
			sourceTree = "<group>";
		};
/* End PBXVariantGroup section */

/* Begin XCBuildConfiguration section */
		05DFE83D1E56506C00BC6DE1 /* Debug */ = {
			isa = XCBuildConfiguration;
			buildSettings = {
				ALWAYS_SEARCH_USER_PATHS = NO;
				CLANG_ANALYZER_NONNULL = YES;
				CLANG_CXX_LANGUAGE_STANDARD = "gnu++0x";
				CLANG_CXX_LIBRARY = "libc++";
				CLANG_ENABLE_MODULES = YES;
				CLANG_ENABLE_OBJC_ARC = YES;
				CLANG_WARN_BOOL_CONVERSION = YES;
				CLANG_WARN_CONSTANT_CONVERSION = YES;
				CLANG_WARN_DIRECT_OBJC_ISA_USAGE = YES_ERROR;
				CLANG_WARN_DOCUMENTATION_COMMENTS = YES;
				CLANG_WARN_EMPTY_BODY = YES;
				CLANG_WARN_ENUM_CONVERSION = YES;
				CLANG_WARN_INFINITE_RECURSION = YES;
				CLANG_WARN_INT_CONVERSION = YES;
				CLANG_WARN_OBJC_ROOT_CLASS = YES_ERROR;
				CLANG_WARN_SUSPICIOUS_MOVE = YES;
				CLANG_WARN_UNREACHABLE_CODE = YES;
				CLANG_WARN__DUPLICATE_METHOD_MATCH = YES;
				"CODE_SIGN_IDENTITY[sdk=iphoneos*]" = "iPhone Developer";
				COPY_PHASE_STRIP = NO;
				DEBUG_INFORMATION_FORMAT = dwarf;
				ENABLE_STRICT_OBJC_MSGSEND = YES;
				ENABLE_TESTABILITY = YES;
				GCC_C_LANGUAGE_STANDARD = gnu99;
				GCC_DYNAMIC_NO_PIC = NO;
				GCC_NO_COMMON_BLOCKS = YES;
				GCC_OPTIMIZATION_LEVEL = 0;
				GCC_PREPROCESSOR_DEFINITIONS = (
					"DEBUG=1",
					"$(inherited)",
				);
				GCC_WARN_64_TO_32_BIT_CONVERSION = YES;
				GCC_WARN_ABOUT_RETURN_TYPE = YES_ERROR;
				GCC_WARN_UNDECLARED_SELECTOR = YES;
				GCC_WARN_UNINITIALIZED_AUTOS = YES_AGGRESSIVE;
				GCC_WARN_UNUSED_FUNCTION = YES;
				GCC_WARN_UNUSED_VARIABLE = YES;
				IPHONEOS_DEPLOYMENT_TARGET = 10.2;
				MTL_ENABLE_DEBUG_INFO = YES;
				ONLY_ACTIVE_ARCH = YES;
				SDKROOT = iphoneos;
				SWIFT_ACTIVE_COMPILATION_CONDITIONS = DEBUG;
				SWIFT_OPTIMIZATION_LEVEL = "-Onone";
				TARGETED_DEVICE_FAMILY = "1,2";
			};
			name = Debug;
		};
		05DFE83E1E56506C00BC6DE1 /* Release */ = {
			isa = XCBuildConfiguration;
			buildSettings = {
				ALWAYS_SEARCH_USER_PATHS = NO;
				CLANG_ANALYZER_NONNULL = YES;
				CLANG_CXX_LANGUAGE_STANDARD = "gnu++0x";
				CLANG_CXX_LIBRARY = "libc++";
				CLANG_ENABLE_MODULES = YES;
				CLANG_ENABLE_OBJC_ARC = YES;
				CLANG_WARN_BOOL_CONVERSION = YES;
				CLANG_WARN_CONSTANT_CONVERSION = YES;
				CLANG_WARN_DIRECT_OBJC_ISA_USAGE = YES_ERROR;
				CLANG_WARN_DOCUMENTATION_COMMENTS = YES;
				CLANG_WARN_EMPTY_BODY = YES;
				CLANG_WARN_ENUM_CONVERSION = YES;
				CLANG_WARN_INFINITE_RECURSION = YES;
				CLANG_WARN_INT_CONVERSION = YES;
				CLANG_WARN_OBJC_ROOT_CLASS = YES_ERROR;
				CLANG_WARN_SUSPICIOUS_MOVE = YES;
				CLANG_WARN_UNREACHABLE_CODE = YES;
				CLANG_WARN__DUPLICATE_METHOD_MATCH = YES;
				"CODE_SIGN_IDENTITY[sdk=iphoneos*]" = "iPhone Developer";
				COPY_PHASE_STRIP = NO;
				DEBUG_INFORMATION_FORMAT = "dwarf-with-dsym";
				ENABLE_NS_ASSERTIONS = NO;
				ENABLE_STRICT_OBJC_MSGSEND = YES;
				GCC_C_LANGUAGE_STANDARD = gnu99;
				GCC_NO_COMMON_BLOCKS = YES;
				GCC_WARN_64_TO_32_BIT_CONVERSION = YES;
				GCC_WARN_ABOUT_RETURN_TYPE = YES_ERROR;
				GCC_WARN_UNDECLARED_SELECTOR = YES;
				GCC_WARN_UNINITIALIZED_AUTOS = YES_AGGRESSIVE;
				GCC_WARN_UNUSED_FUNCTION = YES;
				GCC_WARN_UNUSED_VARIABLE = YES;
				IPHONEOS_DEPLOYMENT_TARGET = 10.2;
				MTL_ENABLE_DEBUG_INFO = NO;
				SDKROOT = iphoneos;
				SWIFT_OPTIMIZATION_LEVEL = "-Owholemodule";
				TARGETED_DEVICE_FAMILY = "1,2";
				VALIDATE_PRODUCT = YES;
			};
			name = Release;
		};
		05DFE8401E56506C00BC6DE1 /* Debug */ = {
			isa = XCBuildConfiguration;
			buildSettings = {
				ASSETCATALOG_COMPILER_APPICON_NAME = AppIcon;
				DEVELOPMENT_TEAM = 2ZK2WQ478V;
				INFOPLIST_FILE = LoanCalculator/Info.plist;
				IPHONEOS_DEPLOYMENT_TARGET = 10.0;
				LD_RUNPATH_SEARCH_PATHS = "$(inherited) @executable_path/Frameworks";
				PRODUCT_BUNDLE_IDENTIFIER = com.alexsilkin.LoanCalculator;
				PRODUCT_NAME = "$(TARGET_NAME)";
				SWIFT_VERSION = 3.0;
			};
			name = Debug;
		};
		05DFE8411E56506C00BC6DE1 /* Release */ = {
			isa = XCBuildConfiguration;
			buildSettings = {
				ASSETCATALOG_COMPILER_APPICON_NAME = AppIcon;
				DEVELOPMENT_TEAM = 2ZK2WQ478V;
				INFOPLIST_FILE = LoanCalculator/Info.plist;
				IPHONEOS_DEPLOYMENT_TARGET = 10.0;
				LD_RUNPATH_SEARCH_PATHS = "$(inherited) @executable_path/Frameworks";
				PRODUCT_BUNDLE_IDENTIFIER = com.alexsilkin.LoanCalculator;
				PRODUCT_NAME = "$(TARGET_NAME)";
				SWIFT_VERSION = 3.0;
			};
			name = Release;
		};
/* End XCBuildConfiguration section */

/* Begin XCConfigurationList section */
		05DFE8281E56506C00BC6DE1 /* Build configuration list for PBXProject "LoanCalculator" */ = {
			isa = XCConfigurationList;
			buildConfigurations = (
				05DFE83D1E56506C00BC6DE1 /* Debug */,
				05DFE83E1E56506C00BC6DE1 /* Release */,
			);
			defaultConfigurationIsVisible = 0;
			defaultConfigurationName = Release;
		};
		05DFE83F1E56506C00BC6DE1 /* Build configuration list for PBXNativeTarget "LoanCalculator" */ = {
			isa = XCConfigurationList;
			buildConfigurations = (
				05DFE8401E56506C00BC6DE1 /* Debug */,
				05DFE8411E56506C00BC6DE1 /* Release */,
			);
			defaultConfigurationIsVisible = 0;
		};
/* End XCConfigurationList section */
	};
	rootObject = 05DFE8251E56506C00BC6DE1 /* Project object */;
}
